
Microsoft Visual Studio Solution File, Format Version 12.00
# Visual Studio 2012
Project("{FAE04EC0-301F-11D3-BF4B-00C04F79EFBC}") = "XmlFileExplorer.App", "XmlFileExplorer.App\XmlFileExplorer.App.csproj", "{411D137B-4C79-486D-8617-91437A014B32}"
EndProject
Project("{FAE04EC0-301F-11D3-BF4B-00C04F79EFBC}") = "XmlFileExplorer.Tests", "XmlFileExplorer.Tests\XmlFileExplorer.Tests.csproj", "{D2AE890A-A044-45F1-B76D-C043974ED10A}"
EndProject
Global
	GlobalSection(SolutionConfigurationPlatforms) = preSolution
		Debug|Any CPU = Debug|Any CPU
		Release|Any CPU = Release|Any CPU
	EndGlobalSection
	GlobalSection(ProjectConfigurationPlatforms) = postSolution
		{411D137B-4C79-486D-8617-91437A014B32}.Debug|Any CPU.ActiveCfg = Debug|Any CPU
		{411D137B-4C79-486D-8617-91437A014B32}.Debug|Any CPU.Build.0 = Debug|Any CPU
		{411D137B-4C79-486D-8617-91437A014B32}.Release|Any CPU.ActiveCfg = Release|Any CPU
		{411D137B-4C79-486D-8617-91437A014B32}.Release|Any CPU.Build.0 = Release|Any CPU
		{D2AE890A-A044-45F1-B76D-C043974ED10A}.Debug|Any CPU.ActiveCfg = Debug|Any CPU
		{D2AE890A-A044-45F1-B76D-C043974ED10A}.Debug|Any CPU.Build.0 = Debug|Any CPU
		{D2AE890A-A044-45F1-B76D-C043974ED10A}.Release|Any CPU.ActiveCfg = Release|Any CPU
		{D2AE890A-A044-45F1-B76D-C043974ED10A}.Release|Any CPU.Build.0 = Release|Any CPU
	EndGlobalSection
	GlobalSection(SolutionProperties) = preSolution
		HideSolutionNode = FALSE
	EndGlobalSection
EndGlobal
